// !$*UTF8*$!
{
	archiveVersion = 1;
	classes = {
	};
	objectVersion = 50;
	objects = {

/* Begin PBXBuildFile section */
		0A9D9BDECA6F5AB2E6BBBAA3 /* Pods_PullViewController_SwiftUITests.framework in Frameworks */ = {isa = PBXBuildFile; fileRef = BBCBAA6E2A4E21B13704F7AC /* Pods_PullViewController_SwiftUITests.framework */; };
		45D54435EE151A98E8D7ED82 /* Pods_PullViewController_SwiftTests.framework in Frameworks */ = {isa = PBXBuildFile; fileRef = 5193D08A6FAD3778F8BE05C8 /* Pods_PullViewController_SwiftTests.framework */; };
		4BF1B599229B82B9008A75BB /* AppDelegate.swift in Sources */ = {isa = PBXBuildFile; fileRef = 4BF1B598229B82B9008A75BB /* AppDelegate.swift */; };
		4BF1B59B229B82B9008A75BB /* ViewController.swift in Sources */ = {isa = PBXBuildFile; fileRef = 4BF1B59A229B82B9008A75BB /* ViewController.swift */; };
		4BF1B59E229B82B9008A75BB /* Main.storyboard in Resources */ = {isa = PBXBuildFile; fileRef = 4BF1B59C229B82B9008A75BB /* Main.storyboard */; };
		4BF1B5A0229B82BA008A75BB /* Assets.xcassets in Resources */ = {isa = PBXBuildFile; fileRef = 4BF1B59F229B82BA008A75BB /* Assets.xcassets */; };
		4BF1B5A3229B82BA008A75BB /* LaunchScreen.storyboard in Resources */ = {isa = PBXBuildFile; fileRef = 4BF1B5A1229B82BA008A75BB /* LaunchScreen.storyboard */; };
		4BF1B5AE229B82BA008A75BB /* PullViewController_SwiftTests.swift in Sources */ = {isa = PBXBuildFile; fileRef = 4BF1B5AD229B82BA008A75BB /* PullViewController_SwiftTests.swift */; };
		4BF1B5B9229B82BA008A75BB /* PullViewController_SwiftUITests.swift in Sources */ = {isa = PBXBuildFile; fileRef = 4BF1B5B8229B82BA008A75BB /* PullViewController_SwiftUITests.swift */; };
		4BF1B5C8229B8449008A75BB /* PullContainerViewController.swift in Sources */ = {isa = PBXBuildFile; fileRef = 4BF1B5C7229B8449008A75BB /* PullContainerViewController.swift */; };
		4BF1B5CB229BB235008A75BB /* TabBarController.swift in Sources */ = {isa = PBXBuildFile; fileRef = 4BF1B5CA229BB235008A75BB /* TabBarController.swift */; };
		4BF1B5CD229BB2A0008A75BB /* FirstViewController.swift in Sources */ = {isa = PBXBuildFile; fileRef = 4BF1B5CC229BB2A0008A75BB /* FirstViewController.swift */; };
		4BF1B5CF229BB2B2008A75BB /* SecondViewController.swift in Sources */ = {isa = PBXBuildFile; fileRef = 4BF1B5CE229BB2B2008A75BB /* SecondViewController.swift */; };
		4BF1B5D1229BB2C6008A75BB /* ListViewController.swift in Sources */ = {isa = PBXBuildFile; fileRef = 4BF1B5D0229BB2C6008A75BB /* ListViewController.swift */; };
		BE2EEDD00B6C8A4161FCF81D /* Pods_PullViewController_Swift.framework in Frameworks */ = {isa = PBXBuildFile; fileRef = 46B5B132AE5978A998A72B79 /* Pods_PullViewController_Swift.framework */; };
/* End PBXBuildFile section */

/* Begin PBXContainerItemProxy section */
		4BF1B5AA229B82BA008A75BB /* PBXContainerItemProxy */ = {
			isa = PBXContainerItemProxy;
			containerPortal = 4BF1B58D229B82B9008A75BB /* Project object */;
			proxyType = 1;
			remoteGlobalIDString = 4BF1B594229B82B9008A75BB;
			remoteInfo = "PullViewController-Swift";
		};
		4BF1B5B5229B82BA008A75BB /* PBXContainerItemProxy */ = {
			isa = PBXContainerItemProxy;
			containerPortal = 4BF1B58D229B82B9008A75BB /* Project object */;
			proxyType = 1;
			remoteGlobalIDString = 4BF1B594229B82B9008A75BB;
			remoteInfo = "PullViewController-Swift";
		};
/* End PBXContainerItemProxy section */

/* Begin PBXFileReference section */
		453882A523202E63E30B86E0 /* Pods-PullViewController-SwiftUITests.release.xcconfig */ = {isa = PBXFileReference; includeInIndex = 1; lastKnownFileType = text.xcconfig; name = "Pods-PullViewController-SwiftUITests.release.xcconfig"; path = "Target Support Files/Pods-PullViewController-SwiftUITests/Pods-PullViewController-SwiftUITests.release.xcconfig"; sourceTree = "<group>"; };
		46B5B132AE5978A998A72B79 /* Pods_PullViewController_Swift.framework */ = {isa = PBXFileReference; explicitFileType = wrapper.framework; includeInIndex = 0; path = Pods_PullViewController_Swift.framework; sourceTree = BUILT_PRODUCTS_DIR; };
		4B4D0577052EC2856D1B0433 /* Pods-PullViewController-Swift.debug.xcconfig */ = {isa = PBXFileReference; includeInIndex = 1; lastKnownFileType = text.xcconfig; name = "Pods-PullViewController-Swift.debug.xcconfig"; path = "Target Support Files/Pods-PullViewController-Swift/Pods-PullViewController-Swift.debug.xcconfig"; sourceTree = "<group>"; };
		4BF1B595229B82B9008A75BB /* PullViewController-Swift.app */ = {isa = PBXFileReference; explicitFileType = wrapper.application; includeInIndex = 0; path = "PullViewController-Swift.app"; sourceTree = BUILT_PRODUCTS_DIR; };
		4BF1B598229B82B9008A75BB /* AppDelegate.swift */ = {isa = PBXFileReference; lastKnownFileType = sourcecode.swift; path = AppDelegate.swift; sourceTree = "<group>"; };
		4BF1B59A229B82B9008A75BB /* ViewController.swift */ = {isa = PBXFileReference; lastKnownFileType = sourcecode.swift; path = ViewController.swift; sourceTree = "<group>"; };
		4BF1B59D229B82B9008A75BB /* Base */ = {isa = PBXFileReference; lastKnownFileType = file.storyboard; name = Base; path = Base.lproj/Main.storyboard; sourceTree = "<group>"; };
		4BF1B59F229B82BA008A75BB /* Assets.xcassets */ = {isa = PBXFileReference; lastKnownFileType = folder.assetcatalog; path = Assets.xcassets; sourceTree = "<group>"; };
		4BF1B5A2229B82BA008A75BB /* Base */ = {isa = PBXFileReference; lastKnownFileType = file.storyboard; name = Base; path = Base.lproj/LaunchScreen.storyboard; sourceTree = "<group>"; };
		4BF1B5A4229B82BA008A75BB /* Info.plist */ = {isa = PBXFileReference; lastKnownFileType = text.plist.xml; path = Info.plist; sourceTree = "<group>"; };
		4BF1B5A9229B82BA008A75BB /* PullViewController-SwiftTests.xctest */ = {isa = PBXFileReference; explicitFileType = wrapper.cfbundle; includeInIndex = 0; path = "PullViewController-SwiftTests.xctest"; sourceTree = BUILT_PRODUCTS_DIR; };
		4BF1B5AD229B82BA008A75BB /* PullViewController_SwiftTests.swift */ = {isa = PBXFileReference; lastKnownFileType = sourcecode.swift; path = PullViewController_SwiftTests.swift; sourceTree = "<group>"; };
		4BF1B5AF229B82BA008A75BB /* Info.plist */ = {isa = PBXFileReference; lastKnownFileType = text.plist.xml; path = Info.plist; sourceTree = "<group>"; };
		4BF1B5B4229B82BA008A75BB /* PullViewController-SwiftUITests.xctest */ = {isa = PBXFileReference; explicitFileType = wrapper.cfbundle; includeInIndex = 0; path = "PullViewController-SwiftUITests.xctest"; sourceTree = BUILT_PRODUCTS_DIR; };
		4BF1B5B8229B82BA008A75BB /* PullViewController_SwiftUITests.swift */ = {isa = PBXFileReference; lastKnownFileType = sourcecode.swift; path = PullViewController_SwiftUITests.swift; sourceTree = "<group>"; };
		4BF1B5BA229B82BA008A75BB /* Info.plist */ = {isa = PBXFileReference; lastKnownFileType = text.plist.xml; path = Info.plist; sourceTree = "<group>"; };
		4BF1B5C7229B8449008A75BB /* PullContainerViewController.swift */ = {isa = PBXFileReference; lastKnownFileType = sourcecode.swift; path = PullContainerViewController.swift; sourceTree = "<group>"; };
		4BF1B5CA229BB235008A75BB /* TabBarController.swift */ = {isa = PBXFileReference; lastKnownFileType = sourcecode.swift; path = TabBarController.swift; sourceTree = "<group>"; };
		4BF1B5CC229BB2A0008A75BB /* FirstViewController.swift */ = {isa = PBXFileReference; lastKnownFileType = sourcecode.swift; path = FirstViewController.swift; sourceTree = "<group>"; };
		4BF1B5CE229BB2B2008A75BB /* SecondViewController.swift */ = {isa = PBXFileReference; lastKnownFileType = sourcecode.swift; path = SecondViewController.swift; sourceTree = "<group>"; };
		4BF1B5D0229BB2C6008A75BB /* ListViewController.swift */ = {isa = PBXFileReference; lastKnownFileType = sourcecode.swift; path = ListViewController.swift; sourceTree = "<group>"; };
		5193D08A6FAD3778F8BE05C8 /* Pods_PullViewController_SwiftTests.framework */ = {isa = PBXFileReference; explicitFileType = wrapper.framework; includeInIndex = 0; path = Pods_PullViewController_SwiftTests.framework; sourceTree = BUILT_PRODUCTS_DIR; };
		A9759DA6C12A8917694DBC22 /* Pods-PullViewController-SwiftUITests.debug.xcconfig */ = {isa = PBXFileReference; includeInIndex = 1; lastKnownFileType = text.xcconfig; name = "Pods-PullViewController-SwiftUITests.debug.xcconfig"; path = "Target Support Files/Pods-PullViewController-SwiftUITests/Pods-PullViewController-SwiftUITests.debug.xcconfig"; sourceTree = "<group>"; };
		BBCBAA6E2A4E21B13704F7AC /* Pods_PullViewController_SwiftUITests.framework */ = {isa = PBXFileReference; explicitFileType = wrapper.framework; includeInIndex = 0; path = Pods_PullViewController_SwiftUITests.framework; sourceTree = BUILT_PRODUCTS_DIR; };
		C879743990309448F6F81B4B /* Pods-PullViewController-SwiftTests.debug.xcconfig */ = {isa = PBXFileReference; includeInIndex = 1; lastKnownFileType = text.xcconfig; name = "Pods-PullViewController-SwiftTests.debug.xcconfig"; path = "Target Support Files/Pods-PullViewController-SwiftTests/Pods-PullViewController-SwiftTests.debug.xcconfig"; sourceTree = "<group>"; };
		F6896D39FB7A7CCA7D966A77 /* Pods-PullViewController-Swift.release.xcconfig */ = {isa = PBXFileReference; includeInIndex = 1; lastKnownFileType = text.xcconfig; name = "Pods-PullViewController-Swift.release.xcconfig"; path = "Target Support Files/Pods-PullViewController-Swift/Pods-PullViewController-Swift.release.xcconfig"; sourceTree = "<group>"; };
		FA64E75F3EB7BB5E9A800733 /* Pods-PullViewController-SwiftTests.release.xcconfig */ = {isa = PBXFileReference; includeInIndex = 1; lastKnownFileType = text.xcconfig; name = "Pods-PullViewController-SwiftTests.release.xcconfig"; path = "Target Support Files/Pods-PullViewController-SwiftTests/Pods-PullViewController-SwiftTests.release.xcconfig"; sourceTree = "<group>"; };
/* End PBXFileReference section */

/* Begin PBXFrameworksBuildPhase section */
		4BF1B592229B82B9008A75BB /* Frameworks */ = {
			isa = PBXFrameworksBuildPhase;
			buildActionMask = 2147483647;
			files = (
				BE2EEDD00B6C8A4161FCF81D /* Pods_PullViewController_Swift.framework in Frameworks */,
			);
			runOnlyForDeploymentPostprocessing = 0;
		};
		4BF1B5A6229B82BA008A75BB /* Frameworks */ = {
			isa = PBXFrameworksBuildPhase;
			buildActionMask = 2147483647;
			files = (
				45D54435EE151A98E8D7ED82 /* Pods_PullViewController_SwiftTests.framework in Frameworks */,
			);
			runOnlyForDeploymentPostprocessing = 0;
		};
		4BF1B5B1229B82BA008A75BB /* Frameworks */ = {
			isa = PBXFrameworksBuildPhase;
			buildActionMask = 2147483647;
			files = (
				0A9D9BDECA6F5AB2E6BBBAA3 /* Pods_PullViewController_SwiftUITests.framework in Frameworks */,
			);
			runOnlyForDeploymentPostprocessing = 0;
		};
/* End PBXFrameworksBuildPhase section */

/* Begin PBXGroup section */
		40F2682FF4F5E2E50BF40CE0 /* Frameworks */ = {
			isa = PBXGroup;
			children = (
				46B5B132AE5978A998A72B79 /* Pods_PullViewController_Swift.framework */,
				5193D08A6FAD3778F8BE05C8 /* Pods_PullViewController_SwiftTests.framework */,
				BBCBAA6E2A4E21B13704F7AC /* Pods_PullViewController_SwiftUITests.framework */,
			);
			name = Frameworks;
			sourceTree = "<group>";
		};
		4BF1B58C229B82B9008A75BB = {
			isa = PBXGroup;
			children = (
				4BF1B5C6229B840D008A75BB /* Classes */,
				4BF1B597229B82B9008A75BB /* PullViewController-Swift */,
				4BF1B5AC229B82BA008A75BB /* PullViewController-SwiftTests */,
				4BF1B5B7229B82BA008A75BB /* PullViewController-SwiftUITests */,
				4BF1B596229B82B9008A75BB /* Products */,
				63445A539A331AE4E177A7A6 /* Pods */,
				40F2682FF4F5E2E50BF40CE0 /* Frameworks */,
			);
			sourceTree = "<group>";
		};
		4BF1B596229B82B9008A75BB /* Products */ = {
			isa = PBXGroup;
			children = (
				4BF1B595229B82B9008A75BB /* PullViewController-Swift.app */,
				4BF1B5A9229B82BA008A75BB /* PullViewController-SwiftTests.xctest */,
				4BF1B5B4229B82BA008A75BB /* PullViewController-SwiftUITests.xctest */,
			);
			name = Products;
			sourceTree = "<group>";
		};
		4BF1B597229B82B9008A75BB /* PullViewController-Swift */ = {
			isa = PBXGroup;
			children = (
				4BF1B5C9229BB1FD008A75BB /* controller */,
				4BF1B598229B82B9008A75BB /* AppDelegate.swift */,
				4BF1B59A229B82B9008A75BB /* ViewController.swift */,
				4BF1B59C229B82B9008A75BB /* Main.storyboard */,
				4BF1B59F229B82BA008A75BB /* Assets.xcassets */,
				4BF1B5A1229B82BA008A75BB /* LaunchScreen.storyboard */,
				4BF1B5A4229B82BA008A75BB /* Info.plist */,
			);
			path = "PullViewController-Swift";
			sourceTree = "<group>";
		};
		4BF1B5AC229B82BA008A75BB /* PullViewController-SwiftTests */ = {
			isa = PBXGroup;
			children = (
				4BF1B5AD229B82BA008A75BB /* PullViewController_SwiftTests.swift */,
				4BF1B5AF229B82BA008A75BB /* Info.plist */,
			);
			path = "PullViewController-SwiftTests";
			sourceTree = "<group>";
		};
		4BF1B5B7229B82BA008A75BB /* PullViewController-SwiftUITests */ = {
			isa = PBXGroup;
			children = (
				4BF1B5B8229B82BA008A75BB /* PullViewController_SwiftUITests.swift */,
				4BF1B5BA229B82BA008A75BB /* Info.plist */,
			);
			path = "PullViewController-SwiftUITests";
			sourceTree = "<group>";
		};
		4BF1B5C6229B840D008A75BB /* Classes */ = {
			isa = PBXGroup;
			children = (
				4BF1B5C7229B8449008A75BB /* PullContainerViewController.swift */,
			);
			path = Classes;
			sourceTree = "<group>";
		};
		4BF1B5C9229BB1FD008A75BB /* controller */ = {
			isa = PBXGroup;
			children = (
				4BF1B5CA229BB235008A75BB /* TabBarController.swift */,
				4BF1B5CC229BB2A0008A75BB /* FirstViewController.swift */,
				4BF1B5CE229BB2B2008A75BB /* SecondViewController.swift */,
				4BF1B5D0229BB2C6008A75BB /* ListViewController.swift */,
			);
			path = controller;
			sourceTree = "<group>";
		};
		63445A539A331AE4E177A7A6 /* Pods */ = {
			isa = PBXGroup;
			children = (
				4B4D0577052EC2856D1B0433 /* Pods-PullViewController-Swift.debug.xcconfig */,
				F6896D39FB7A7CCA7D966A77 /* Pods-PullViewController-Swift.release.xcconfig */,
				C879743990309448F6F81B4B /* Pods-PullViewController-SwiftTests.debug.xcconfig */,
				FA64E75F3EB7BB5E9A800733 /* Pods-PullViewController-SwiftTests.release.xcconfig */,
				A9759DA6C12A8917694DBC22 /* Pods-PullViewController-SwiftUITests.debug.xcconfig */,
				453882A523202E63E30B86E0 /* Pods-PullViewController-SwiftUITests.release.xcconfig */,
			);
			path = Pods;
			sourceTree = "<group>";
		};
/* End PBXGroup section */

/* Begin PBXNativeTarget section */
		4BF1B594229B82B9008A75BB /* PullViewController-Swift */ = {
			isa = PBXNativeTarget;
			buildConfigurationList = 4BF1B5BD229B82BA008A75BB /* Build configuration list for PBXNativeTarget "PullViewController-Swift" */;
			buildPhases = (
				3C77389538D3755CDAF0EFF2 /* [CP] Check Pods Manifest.lock */,
				4BF1B591229B82B9008A75BB /* Sources */,
				4BF1B592229B82B9008A75BB /* Frameworks */,
				4BF1B593229B82B9008A75BB /* Resources */,
				F6D0042F4F2B29E4551D80D2 /* [CP] Embed Pods Frameworks */,
			);
			buildRules = (
			);
			dependencies = (
			);
			name = "PullViewController-Swift";
			productName = "PullViewController-Swift";
			productReference = 4BF1B595229B82B9008A75BB /* PullViewController-Swift.app */;
			productType = "com.apple.product-type.application";
		};
		4BF1B5A8229B82BA008A75BB /* PullViewController-SwiftTests */ = {
			isa = PBXNativeTarget;
			buildConfigurationList = 4BF1B5C0229B82BA008A75BB /* Build configuration list for PBXNativeTarget "PullViewController-SwiftTests" */;
			buildPhases = (
				E86EF7B814D316657ADED159 /* [CP] Check Pods Manifest.lock */,
				4BF1B5A5229B82BA008A75BB /* Sources */,
				4BF1B5A6229B82BA008A75BB /* Frameworks */,
				4BF1B5A7229B82BA008A75BB /* Resources */,
			);
			buildRules = (
			);
			dependencies = (
				4BF1B5AB229B82BA008A75BB /* PBXTargetDependency */,
			);
			name = "PullViewController-SwiftTests";
			productName = "PullViewController-SwiftTests";
			productReference = 4BF1B5A9229B82BA008A75BB /* PullViewController-SwiftTests.xctest */;
			productType = "com.apple.product-type.bundle.unit-test";
		};
		4BF1B5B3229B82BA008A75BB /* PullViewController-SwiftUITests */ = {
			isa = PBXNativeTarget;
			buildConfigurationList = 4BF1B5C3229B82BA008A75BB /* Build configuration list for PBXNativeTarget "PullViewController-SwiftUITests" */;
			buildPhases = (
				572FD911377AF70AE8E6DB82 /* [CP] Check Pods Manifest.lock */,
				4BF1B5B0229B82BA008A75BB /* Sources */,
				4BF1B5B1229B82BA008A75BB /* Frameworks */,
				4BF1B5B2229B82BA008A75BB /* Resources */,
			);
			buildRules = (
			);
			dependencies = (
				4BF1B5B6229B82BA008A75BB /* PBXTargetDependency */,
			);
			name = "PullViewController-SwiftUITests";
			productName = "PullViewController-SwiftUITests";
			productReference = 4BF1B5B4229B82BA008A75BB /* PullViewController-SwiftUITests.xctest */;
			productType = "com.apple.product-type.bundle.ui-testing";
		};
/* End PBXNativeTarget section */

/* Begin PBXProject section */
		4BF1B58D229B82B9008A75BB /* Project object */ = {
			isa = PBXProject;
			attributes = {
				LastSwiftUpdateCheck = 1020;
				LastUpgradeCheck = 1020;
				ORGANIZATIONNAME = liyufeng;
				TargetAttributes = {
					4BF1B594229B82B9008A75BB = {
						CreatedOnToolsVersion = 10.2.1;
					};
					4BF1B5A8229B82BA008A75BB = {
						CreatedOnToolsVersion = 10.2.1;
						TestTargetID = 4BF1B594229B82B9008A75BB;
					};
					4BF1B5B3229B82BA008A75BB = {
						CreatedOnToolsVersion = 10.2.1;
						TestTargetID = 4BF1B594229B82B9008A75BB;
					};
				};
			};
			buildConfigurationList = 4BF1B590229B82B9008A75BB /* Build configuration list for PBXProject "PullViewController-Swift" */;
			compatibilityVersion = "Xcode 9.3";
			developmentRegion = en;
			hasScannedForEncodings = 0;
			knownRegions = (
				en,
				Base,
			);
			mainGroup = 4BF1B58C229B82B9008A75BB;
			productRefGroup = 4BF1B596229B82B9008A75BB /* Products */;
			projectDirPath = "";
			projectRoot = "";
			targets = (
				4BF1B594229B82B9008A75BB /* PullViewController-Swift */,
				4BF1B5A8229B82BA008A75BB /* PullViewController-SwiftTests */,
				4BF1B5B3229B82BA008A75BB /* PullViewController-SwiftUITests */,
			);
		};
/* End PBXProject section */

/* Begin PBXResourcesBuildPhase section */
		4BF1B593229B82B9008A75BB /* Resources */ = {
			isa = PBXResourcesBuildPhase;
			buildActionMask = 2147483647;
			files = (
				4BF1B5A3229B82BA008A75BB /* LaunchScreen.storyboard in Resources */,
				4BF1B5A0229B82BA008A75BB /* Assets.xcassets in Resources */,
				4BF1B59E229B82B9008A75BB /* Main.storyboard in Resources */,
			);
			runOnlyForDeploymentPostprocessing = 0;
		};
		4BF1B5A7229B82BA008A75BB /* Resources */ = {
			isa = PBXResourcesBuildPhase;
			buildActionMask = 2147483647;
			files = (
			);
			runOnlyForDeploymentPostprocessing = 0;
		};
		4BF1B5B2229B82BA008A75BB /* Resources */ = {
			isa = PBXResourcesBuildPhase;
			buildActionMask = 2147483647;
			files = (
			);
			runOnlyForDeploymentPostprocessing = 0;
		};
/* End PBXResourcesBuildPhase section */

/* Begin PBXShellScriptBuildPhase section */
		3C77389538D3755CDAF0EFF2 /* [CP] Check Pods Manifest.lock */ = {
			isa = PBXShellScriptBuildPhase;
			buildActionMask = 2147483647;
			files = (
			);
			inputFileListPaths = (
			);
			inputPaths = (
				"${PODS_PODFILE_DIR_PATH}/Podfile.lock",
				"${PODS_ROOT}/Manifest.lock",
			);
			name = "[CP] Check Pods Manifest.lock";
			outputFileListPaths = (
			);
			outputPaths = (
				"$(DERIVED_FILE_DIR)/Pods-PullViewController-Swift-checkManifestLockResult.txt",
			);
			runOnlyForDeploymentPostprocessing = 0;
			shellPath = /bin/sh;
			shellScript = "diff \"${PODS_PODFILE_DIR_PATH}/Podfile.lock\" \"${PODS_ROOT}/Manifest.lock\" > /dev/null\nif [ $? != 0 ] ; then\n    # print error to STDERR\n    echo \"error: The sandbox is not in sync with the Podfile.lock. Run 'pod install' or update your CocoaPods installation.\" >&2\n    exit 1\nfi\n# This output is used by Xcode 'outputs' to avoid re-running this script phase.\necho \"SUCCESS\" > \"${SCRIPT_OUTPUT_FILE_0}\"\n";
			showEnvVarsInLog = 0;
		};
		572FD911377AF70AE8E6DB82 /* [CP] Check Pods Manifest.lock */ = {
			isa = PBXShellScriptBuildPhase;
			buildActionMask = 2147483647;
			files = (
			);
			inputFileListPaths = (
			);
			inputPaths = (
				"${PODS_PODFILE_DIR_PATH}/Podfile.lock",
				"${PODS_ROOT}/Manifest.lock",
			);
			name = "[CP] Check Pods Manifest.lock";
			outputFileListPaths = (
			);
			outputPaths = (
				"$(DERIVED_FILE_DIR)/Pods-PullViewController-SwiftUITests-checkManifestLockResult.txt",
			);
			runOnlyForDeploymentPostprocessing = 0;
			shellPath = /bin/sh;
			shellScript = "diff \"${PODS_PODFILE_DIR_PATH}/Podfile.lock\" \"${PODS_ROOT}/Manifest.lock\" > /dev/null\nif [ $? != 0 ] ; then\n    # print error to STDERR\n    echo \"error: The sandbox is not in sync with the Podfile.lock. Run 'pod install' or update your CocoaPods installation.\" >&2\n    exit 1\nfi\n# This output is used by Xcode 'outputs' to avoid re-running this script phase.\necho \"SUCCESS\" > \"${SCRIPT_OUTPUT_FILE_0}\"\n";
			showEnvVarsInLog = 0;
		};
		E86EF7B814D316657ADED159 /* [CP] Check Pods Manifest.lock */ = {
			isa = PBXShellScriptBuildPhase;
			buildActionMask = 2147483647;
			files = (
			);
			inputFileListPaths = (
			);
			inputPaths = (
				"${PODS_PODFILE_DIR_PATH}/Podfile.lock",
				"${PODS_ROOT}/Manifest.lock",
			);
			name = "[CP] Check Pods Manifest.lock";
			outputFileListPaths = (
			);
			outputPaths = (
				"$(DERIVED_FILE_DIR)/Pods-PullViewController-SwiftTests-checkManifestLockResult.txt",
			);
			runOnlyForDeploymentPostprocessing = 0;
			shellPath = /bin/sh;
			shellScript = "diff \"${PODS_PODFILE_DIR_PATH}/Podfile.lock\" \"${PODS_ROOT}/Manifest.lock\" > /dev/null\nif [ $? != 0 ] ; then\n    # print error to STDERR\n    echo \"error: The sandbox is not in sync with the Podfile.lock. Run 'pod install' or update your CocoaPods installation.\" >&2\n    exit 1\nfi\n# This output is used by Xcode 'outputs' to avoid re-running this script phase.\necho \"SUCCESS\" > \"${SCRIPT_OUTPUT_FILE_0}\"\n";
			showEnvVarsInLog = 0;
		};
		F6D0042F4F2B29E4551D80D2 /* [CP] Embed Pods Frameworks */ = {
			isa = PBXShellScriptBuildPhase;
			buildActionMask = 2147483647;
			files = (
			);
			inputFileListPaths = (
			);
			inputPaths = (
				"${PODS_ROOT}/Target Support Files/Pods-PullViewController-Swift/Pods-PullViewController-Swift-frameworks.sh",
				"${BUILT_PRODUCTS_DIR}/MJRefresh/MJRefresh.framework",
				"${BUILT_PRODUCTS_DIR}/SGPagingView/SGPagingView.framework",
				"${BUILT_PRODUCTS_DIR}/SnapKit/SnapKit.framework",
			);
			name = "[CP] Embed Pods Frameworks";
			outputFileListPaths = (
			);
			outputPaths = (
				"${TARGET_BUILD_DIR}/${FRAMEWORKS_FOLDER_PATH}/MJRefresh.framework",
				"${TARGET_BUILD_DIR}/${FRAMEWORKS_FOLDER_PATH}/SGPagingView.framework",
				"${TARGET_BUILD_DIR}/${FRAMEWORKS_FOLDER_PATH}/SnapKit.framework",
			);
			runOnlyForDeploymentPostprocessing = 0;
			shellPath = /bin/sh;
			shellScript = "\"${PODS_ROOT}/Target Support Files/Pods-PullViewController-Swift/Pods-PullViewController-Swift-frameworks.sh\"\n";
			showEnvVarsInLog = 0;
		};
/* End PBXShellScriptBuildPhase section */

/* Begin PBXSourcesBuildPhase section */
		4BF1B591229B82B9008A75BB /* Sources */ = {
			isa = PBXSourcesBuildPhase;
			buildActionMask = 2147483647;
			files = (
				4BF1B5CF229BB2B2008A75BB /* SecondViewController.swift in Sources */,
				4BF1B5CD229BB2A0008A75BB /* FirstViewController.swift in Sources */,
				4BF1B59B229B82B9008A75BB /* ViewController.swift in Sources */,
				4BF1B5CB229BB235008A75BB /* TabBarController.swift in Sources */,
				4BF1B5C8229B8449008A75BB /* PullContainerViewController.swift in Sources */,
				4BF1B599229B82B9008A75BB /* AppDelegate.swift in Sources */,
				4BF1B5D1229BB2C6008A75BB /* ListViewController.swift in Sources */,
			);
			runOnlyForDeploymentPostprocessing = 0;
		};
		4BF1B5A5229B82BA008A75BB /* Sources */ = {
			isa = PBXSourcesBuildPhase;
			buildActionMask = 2147483647;
			files = (
				4BF1B5AE229B82BA008A75BB /* PullViewController_SwiftTests.swift in Sources */,
			);
			runOnlyForDeploymentPostprocessing = 0;
		};
		4BF1B5B0229B82BA008A75BB /* Sources */ = {
			isa = PBXSourcesBuildPhase;
			buildActionMask = 2147483647;
			files = (
				4BF1B5B9229B82BA008A75BB /* PullViewController_SwiftUITests.swift in Sources */,
			);
			runOnlyForDeploymentPostprocessing = 0;
		};
/* End PBXSourcesBuildPhase section */

/* Begin PBXTargetDependency section */
		4BF1B5AB229B82BA008A75BB /* PBXTargetDependency */ = {
			isa = PBXTargetDependency;
			target = 4BF1B594229B82B9008A75BB /* PullViewController-Swift */;
			targetProxy = 4BF1B5AA229B82BA008A75BB /* PBXContainerItemProxy */;
		};
		4BF1B5B6229B82BA008A75BB /* PBXTargetDependency */ = {
			isa = PBXTargetDependency;
			target = 4BF1B594229B82B9008A75BB /* PullViewController-Swift */;
			targetProxy = 4BF1B5B5229B82BA008A75BB /* PBXContainerItemProxy */;
		};
/* End PBXTargetDependency section */

/* Begin PBXVariantGroup section */
		4BF1B59C229B82B9008A75BB /* Main.storyboard */ = {
			isa = PBXVariantGroup;
			children = (
				4BF1B59D229B82B9008A75BB /* Base */,
			);
			name = Main.storyboard;
			sourceTree = "<group>";
		};
		4BF1B5A1229B82BA008A75BB /* LaunchScreen.storyboard */ = {
			isa = PBXVariantGroup;
			children = (
				4BF1B5A2229B82BA008A75BB /* Base */,
			);
			name = LaunchScreen.storyboard;
			sourceTree = "<group>";
		};
/* End PBXVariantGroup section */

/* Begin XCBuildConfiguration section */
		4BF1B5BB229B82BA008A75BB /* Debug */ = {
			isa = XCBuildConfiguration;
			buildSettings = {
				ALWAYS_SEARCH_USER_PATHS = NO;
				CLANG_ANALYZER_NONNULL = YES;
				CLANG_ANALYZER_NUMBER_OBJECT_CONVERSION = YES_AGGRESSIVE;
				CLANG_CXX_LANGUAGE_STANDARD = "gnu++14";
				CLANG_CXX_LIBRARY = "libc++";
				CLANG_ENABLE_MODULES = YES;
				CLANG_ENABLE_OBJC_ARC = YES;
				CLANG_ENABLE_OBJC_WEAK = YES;
				CLANG_WARN_BLOCK_CAPTURE_AUTORELEASING = YES;
				CLANG_WARN_BOOL_CONVERSION = YES;
				CLANG_WARN_COMMA = YES;
				CLANG_WARN_CONSTANT_CONVERSION = YES;
				CLANG_WARN_DEPRECATED_OBJC_IMPLEMENTATIONS = YES;
				CLANG_WARN_DIRECT_OBJC_ISA_USAGE = YES_ERROR;
				CLANG_WARN_DOCUMENTATION_COMMENTS = YES;
				CLANG_WARN_EMPTY_BODY = YES;
				CLANG_WARN_ENUM_CONVERSION = YES;
				CLANG_WARN_INFINITE_RECURSION = YES;
				CLANG_WARN_INT_CONVERSION = YES;
				CLANG_WARN_NON_LITERAL_NULL_CONVERSION = YES;
				CLANG_WARN_OBJC_IMPLICIT_RETAIN_SELF = YES;
				CLANG_WARN_OBJC_LITERAL_CONVERSION = YES;
				CLANG_WARN_OBJC_ROOT_CLASS = YES_ERROR;
				CLANG_WARN_RANGE_LOOP_ANALYSIS = YES;
				CLANG_WARN_STRICT_PROTOTYPES = YES;
				CLANG_WARN_SUSPICIOUS_MOVE = YES;
				CLANG_WARN_UNGUARDED_AVAILABILITY = YES_AGGRESSIVE;
				CLANG_WARN_UNREACHABLE_CODE = YES;
				CLANG_WARN__DUPLICATE_METHOD_MATCH = YES;
				CODE_SIGN_IDENTITY = "iPhone Developer";
				COPY_PHASE_STRIP = NO;
				DEBUG_INFORMATION_FORMAT = dwarf;
				ENABLE_STRICT_OBJC_MSGSEND = YES;
				ENABLE_TESTABILITY = YES;
				GCC_C_LANGUAGE_STANDARD = gnu11;
				GCC_DYNAMIC_NO_PIC = NO;
				GCC_NO_COMMON_BLOCKS = YES;
				GCC_OPTIMIZATION_LEVEL = 0;
				GCC_PREPROCESSOR_DEFINITIONS = (
					"DEBUG=1",
					"$(inherited)",
				);
				GCC_WARN_64_TO_32_BIT_CONVERSION = YES;
				GCC_WARN_ABOUT_RETURN_TYPE = YES_ERROR;
				GCC_WARN_UNDECLARED_SELECTOR = YES;
				GCC_WARN_UNINITIALIZED_AUTOS = YES_AGGRESSIVE;
				GCC_WARN_UNUSED_FUNCTION = YES;
				GCC_WARN_UNUSED_VARIABLE = YES;
				IPHONEOS_DEPLOYMENT_TARGET = 12.2;
				MTL_ENABLE_DEBUG_INFO = INCLUDE_SOURCE;
				MTL_FAST_MATH = YES;
				ONLY_ACTIVE_ARCH = YES;
				SDKROOT = iphoneos;
				SWIFT_ACTIVE_COMPILATION_CONDITIONS = DEBUG;
				SWIFT_OPTIMIZATION_LEVEL = "-Onone";
			};
			name = Debug;
		};
		4BF1B5BC229B82BA008A75BB /* Release */ = {
			isa = XCBuildConfiguration;
			buildSettings = {
				ALWAYS_SEARCH_USER_PATHS = NO;
				CLANG_ANALYZER_NONNULL = YES;
				CLANG_ANALYZER_NUMBER_OBJECT_CONVERSION = YES_AGGRESSIVE;
				CLANG_CXX_LANGUAGE_STANDARD = "gnu++14";
				CLANG_CXX_LIBRARY = "libc++";
				CLANG_ENABLE_MODULES = YES;
				CLANG_ENABLE_OBJC_ARC = YES;
				CLANG_ENABLE_OBJC_WEAK = YES;
				CLANG_WARN_BLOCK_CAPTURE_AUTORELEASING = YES;
				CLANG_WARN_BOOL_CONVERSION = YES;
				CLANG_WARN_COMMA = YES;
				CLANG_WARN_CONSTANT_CONVERSION = YES;
				CLANG_WARN_DEPRECATED_OBJC_IMPLEMENTATIONS = YES;
				CLANG_WARN_DIRECT_OBJC_ISA_USAGE = YES_ERROR;
				CLANG_WARN_DOCUMENTATION_COMMENTS = YES;
				CLANG_WARN_EMPTY_BODY = YES;
				CLANG_WARN_ENUM_CONVERSION = YES;
				CLANG_WARN_INFINITE_RECURSION = YES;
				CLANG_WARN_INT_CONVERSION = YES;
				CLANG_WARN_NON_LITERAL_NULL_CONVERSION = YES;
				CLANG_WARN_OBJC_IMPLICIT_RETAIN_SELF = YES;
				CLANG_WARN_OBJC_LITERAL_CONVERSION = YES;
				CLANG_WARN_OBJC_ROOT_CLASS = YES_ERROR;
				CLANG_WARN_RANGE_LOOP_ANALYSIS = YES;
				CLANG_WARN_STRICT_PROTOTYPES = YES;
				CLANG_WARN_SUSPICIOUS_MOVE = YES;
				CLANG_WARN_UNGUARDED_AVAILABILITY = YES_AGGRESSIVE;
				CLANG_WARN_UNREACHABLE_CODE = YES;
				CLANG_WARN__DUPLICATE_METHOD_MATCH = YES;
				CODE_SIGN_IDENTITY = "iPhone Developer";
				COPY_PHASE_STRIP = NO;
				DEBUG_INFORMATION_FORMAT = "dwarf-with-dsym";
				ENABLE_NS_ASSERTIONS = NO;
				ENABLE_STRICT_OBJC_MSGSEND = YES;
				GCC_C_LANGUAGE_STANDARD = gnu11;
				GCC_NO_COMMON_BLOCKS = YES;
				GCC_WARN_64_TO_32_BIT_CONVERSION = YES;
				GCC_WARN_ABOUT_RETURN_TYPE = YES_ERROR;
				GCC_WARN_UNDECLARED_SELECTOR = YES;
				GCC_WARN_UNINITIALIZED_AUTOS = YES_AGGRESSIVE;
				GCC_WARN_UNUSED_FUNCTION = YES;
				GCC_WARN_UNUSED_VARIABLE = YES;
				IPHONEOS_DEPLOYMENT_TARGET = 12.2;
				MTL_ENABLE_DEBUG_INFO = NO;
				MTL_FAST_MATH = YES;
				SDKROOT = iphoneos;
				SWIFT_COMPILATION_MODE = wholemodule;
				SWIFT_OPTIMIZATION_LEVEL = "-O";
				VALIDATE_PRODUCT = YES;
			};
			name = Release;
		};
		4BF1B5BE229B82BA008A75BB /* Debug */ = {
			isa = XCBuildConfiguration;
			baseConfigurationReference = 4B4D0577052EC2856D1B0433 /* Pods-PullViewController-Swift.debug.xcconfig */;
			buildSettings = {
				ASSETCATALOG_COMPILER_APPICON_NAME = AppIcon;
				CODE_SIGN_STYLE = Automatic;
				DEVELOPMENT_TEAM = 3F685LX6UR;
				INFOPLIST_FILE = "PullViewController-Swift/Info.plist";
				LD_RUNPATH_SEARCH_PATHS = (
					"$(inherited)",
					"@executable_path/Frameworks",
				);
				PRODUCT_BUNDLE_IDENTIFIER = "com.appstore.PullViewController-Swift";
				PRODUCT_NAME = "$(TARGET_NAME)";
				SWIFT_VERSION = 5.0;
				TARGETED_DEVICE_FAMILY = "1,2";
			};
			name = Debug;
		};
		4BF1B5BF229B82BA008A75BB /* Release */ = {
			isa = XCBuildConfiguration;
			baseConfigurationReference = F6896D39FB7A7CCA7D966A77 /* Pods-PullViewController-Swift.release.xcconfig */;
			buildSettings = {
				ASSETCATALOG_COMPILER_APPICON_NAME = AppIcon;
				CODE_SIGN_STYLE = Automatic;
				DEVELOPMENT_TEAM = 3F685LX6UR;
				INFOPLIST_FILE = "PullViewController-Swift/Info.plist";
				LD_RUNPATH_SEARCH_PATHS = (
					"$(inherited)",
					"@executable_path/Frameworks",
				);
				PRODUCT_BUNDLE_IDENTIFIER = "com.appstore.PullViewController-Swift";
				PRODUCT_NAME = "$(TARGET_NAME)";
				SWIFT_VERSION = 5.0;
				TARGETED_DEVICE_FAMILY = "1,2";
			};
			name = Release;
		};
		4BF1B5C1229B82BA008A75BB /* Debug */ = {
			isa = XCBuildConfiguration;
			baseConfigurationReference = C879743990309448F6F81B4B /* Pods-PullViewController-SwiftTests.debug.xcconfig */;
			buildSettings = {
				ALWAYS_EMBED_SWIFT_STANDARD_LIBRARIES = YES;
				BUNDLE_LOADER = "$(TEST_HOST)";
				CODE_SIGN_STYLE = Automatic;
				DEVELOPMENT_TEAM = 3F685LX6UR;
				INFOPLIST_FILE = "PullViewController-SwiftTests/Info.plist";
				LD_RUNPATH_SEARCH_PATHS = (
					"$(inherited)",
					"@executable_path/Frameworks",
					"@loader_path/Frameworks",
				);
				PRODUCT_BUNDLE_IDENTIFIER = "com.appstore.PullViewController-SwiftTests";
				PRODUCT_NAME = "$(TARGET_NAME)";
				SWIFT_VERSION = 5.0;
				TARGETED_DEVICE_FAMILY = "1,2";
				TEST_HOST = "$(BUILT_PRODUCTS_DIR)/PullViewController-Swift.app/PullViewController-Swift";
			};
			name = Debug;
		};
		4BF1B5C2229B82BA008A75BB /* Release */ = {
			isa = XCBuildConfiguration;
			baseConfigurationReference = FA64E75F3EB7BB5E9A800733 /* Pods-PullViewController-SwiftTests.release.xcconfig */;
			buildSettings = {
				ALWAYS_EMBED_SWIFT_STANDARD_LIBRARIES = YES;
				BUNDLE_LOADER = "$(TEST_HOST)";
				CODE_SIGN_STYLE = Automatic;
				DEVELOPMENT_TEAM = 3F685LX6UR;
				INFOPLIST_FILE = "PullViewController-SwiftTests/Info.plist";
				LD_RUNPATH_SEARCH_PATHS = (
					"$(inherited)",
					"@executable_path/Frameworks",
					"@loader_path/Frameworks",
				);
				PRODUCT_BUNDLE_IDENTIFIER = "com.appstore.PullViewController-SwiftTests";
				PRODUCT_NAME = "$(TARGET_NAME)";
				SWIFT_VERSION = 5.0;
				TARGETED_DEVICE_FAMILY = "1,2";
				TEST_HOST = "$(BUILT_PRODUCTS_DIR)/PullViewController-Swift.app/PullViewController-Swift";
			};
			name = Release;
		};
		4BF1B5C4229B82BA008A75BB /* Debug */ = {
			isa = XCBuildConfiguration;
			baseConfigurationReference = A9759DA6C12A8917694DBC22 /* Pods-PullViewController-SwiftUITests.debug.xcconfig */;
			buildSettings = {
				ALWAYS_EMBED_SWIFT_STANDARD_LIBRARIES = YES;
				CODE_SIGN_STYLE = Automatic;
				DEVELOPMENT_TEAM = 3F685LX6UR;
				INFOPLIST_FILE = "PullViewController-SwiftUITests/Info.plist";
				LD_RUNPATH_SEARCH_PATHS = (
					"$(inherited)",
					"@executable_path/Frameworks",
					"@loader_path/Frameworks",
				);
				PRODUCT_BUNDLE_IDENTIFIER = "com.appstore.PullViewController-SwiftUITests";
				PRODUCT_NAME = "$(TARGET_NAME)";
				SWIFT_VERSION = 5.0;
				TARGETED_DEVICE_FAMILY = "1,2";
				TEST_TARGET_NAME = "PullViewController-Swift";
			};
			name = Debug;
		};
		4BF1B5C5229B82BA008A75BB /* Release */ = {
			isa = XCBuildConfiguration;
			baseConfigurationReference = 453882A523202E63E30B86E0 /* Pods-PullViewController-SwiftUITests.release.xcconfig */;
			buildSettings = {
				ALWAYS_EMBED_SWIFT_STANDARD_LIBRARIES = YES;
				CODE_SIGN_STYLE = Automatic;
				DEVELOPMENT_TEAM = 3F685LX6UR;
				INFOPLIST_FILE = "PullViewController-SwiftUITests/Info.plist";
				LD_RUNPATH_SEARCH_PATHS = (
					"$(inherited)",
					"@executable_path/Frameworks",
					"@loader_path/Frameworks",
				);
				PRODUCT_BUNDLE_IDENTIFIER = "com.appstore.PullViewController-SwiftUITests";
				PRODUCT_NAME = "$(TARGET_NAME)";
				SWIFT_VERSION = 5.0;
				TARGETED_DEVICE_FAMILY = "1,2";
				TEST_TARGET_NAME = "PullViewController-Swift";
			};
			name = Release;
		};
/* End XCBuildConfiguration section */

/* Begin XCConfigurationList section */
		4BF1B590229B82B9008A75BB /* Build configuration list for PBXProject "PullViewController-Swift" */ = {
			isa = XCConfigurationList;
			buildConfigurations = (
				4BF1B5BB229B82BA008A75BB /* Debug */,
				4BF1B5BC229B82BA008A75BB /* Release */,
			);
			defaultConfigurationIsVisible = 0;
			defaultConfigurationName = Release;
		};
		4BF1B5BD229B82BA008A75BB /* Build configuration list for PBXNativeTarget "PullViewController-Swift" */ = {
			isa = XCConfigurationList;
			buildConfigurations = (
				4BF1B5BE229B82BA008A75BB /* Debug */,
				4BF1B5BF229B82BA008A75BB /* Release */,
			);
			defaultConfigurationIsVisible = 0;
			defaultConfigurationName = Release;
		};
		4BF1B5C0229B82BA008A75BB /* Build configuration list for PBXNativeTarget "PullViewController-SwiftTests" */ = {
			isa = XCConfigurationList;
			buildConfigurations = (
				4BF1B5C1229B82BA008A75BB /* Debug */,
				4BF1B5C2229B82BA008A75BB /* Release */,
			);
			defaultConfigurationIsVisible = 0;
			defaultConfigurationName = Release;
		};
		4BF1B5C3229B82BA008A75BB /* Build configuration list for PBXNativeTarget "PullViewController-SwiftUITests" */ = {
			isa = XCConfigurationList;
			buildConfigurations = (
				4BF1B5C4229B82BA008A75BB /* Debug */,
				4BF1B5C5229B82BA008A75BB /* Release */,
			);
			defaultConfigurationIsVisible = 0;
			defaultConfigurationName = Release;
		};
/* End XCConfigurationList section */
	};
	rootObject = 4BF1B58D229B82B9008A75BB /* Project object */;
}
